
Microsoft Visual Studio Solution File, Format Version 12.00
# Visual Studio 14
VisualStudioVersion = 14.0.25420.1
MinimumVisualStudioVersion = 10.0.40219.1
Project("{2150E333-8FDC-42A3-9474-1A3956D46DE8}") = "src", "src", "{33A0813E-F6ED-47DC-B661-A55047AB2E54}"
EndProject
Project("{2150E333-8FDC-42A3-9474-1A3956D46DE8}") = "Solution Items", "Solution Items", "{040A0080-6622-4B77-B93C-BAD2D84B2936}"
	ProjectSection(SolutionItems) = preProject
		.travis.yml = .travis.yml
		global.json = global.json
	EndProjectSection
EndProject
Project("{8BB2217D-0F2D-49D1-97BC-3654ED321F3B}") = "Core", "src\Core\Core.xproj", "{A3FA3A14-03D3-4815-A91C-776BB915798B}"
EndProject
Global
	GlobalSection(SolutionConfigurationPlatforms) = preSolution
		Debug|Any CPU = Debug|Any CPU
		Release|Any CPU = Release|Any CPU
	EndGlobalSection
	GlobalSection(ProjectConfigurationPlatforms) = postSolution
		{A3FA3A14-03D3-4815-A91C-776BB915798B}.Debug|Any CPU.ActiveCfg = Debug|Any CPU
		{A3FA3A14-03D3-4815-A91C-776BB915798B}.Debug|Any CPU.Build.0 = Debug|Any CPU
		{A3FA3A14-03D3-4815-A91C-776BB915798B}.Release|Any CPU.ActiveCfg = Release|Any CPU
		{A3FA3A14-03D3-4815-A91C-776BB915798B}.Release|Any CPU.Build.0 = Release|Any CPU
	EndGlobalSection
	GlobalSection(SolutionProperties) = preSolution
		HideSolutionNode = FALSE
	EndGlobalSection
	GlobalSection(NestedProjects) = preSolution
		{A3FA3A14-03D3-4815-A91C-776BB915798B} = {33A0813E-F6ED-47DC-B661-A55047AB2E54}
	EndGlobalSection
EndGlobal
